
Microsoft Visual Studio Solution File, Format Version 12.00
# Visual Studio Version 17
VisualStudioVersion = 17.6.33603.418
MinimumVisualStudioVersion = 10.0.40219.1
Project("{FAE04EC0-301F-11D3-BF4B-00C04F79EFBC}") = "MvcNoAuthNet8", "MvcNoAuthNet8\MvcNoAuthNet8.csproj", "{AE3DE603-DB4B-414F-BF70-6568DBDCCDEC}"
EndProject
Global
	GlobalSection(SolutionConfigurationPlatforms) = preSolution
		Debug|Any CPU = Debug|Any CPU
		Release|Any CPU = Release|Any CPU
	EndGlobalSection
	GlobalSection(ProjectConfigurationPlatforms) = postSolution
		{AE3DE603-DB4B-414F-BF70-6568DBDCCDEC}.Debug|Any CPU.ActiveCfg = Debug|Any CPU
		{AE3DE603-DB4B-414F-BF70-6568DBDCCDEC}.Debug|Any CPU.Build.0 = Debug|Any CPU
		{AE3DE603-DB4B-414F-BF70-6568DBDCCDEC}.Release|Any CPU.ActiveCfg = Release|Any CPU
		{AE3DE603-DB4B-414F-BF70-6568DBDCCDEC}.Release|Any CPU.Build.0 = Release|Any CPU
	EndGlobalSection
	GlobalSection(SolutionProperties) = preSolution
		HideSolutionNode = FALSE
	EndGlobalSection
	GlobalSection(ExtensibilityGlobals) = postSolution
		SolutionGuid = {BDF0259D-8D99-4936-83BD-67FB2B6A6677}
	EndGlobalSection
EndGlobal
